
Microsoft Visual Studio Solution File, Format Version 12.00
# Visual Studio 2015
Project("{FAE04EC0-301F-11D3-BF4B-00C04F79EFBC}") = "DescentBuildV3.CSharp", "DescentBuildV3.CSharp.csproj", "{58C0B04C-F84F-E183-B9BF-08DD07825E85}"
EndProject
Project("{FAE04EC0-301F-11D3-BF4B-00C04F79EFBC}") = "DescentBuildV3.CSharp.Editor", "DescentBuildV3.CSharp.Editor.csproj", "{AEA5171A-1AEC-636D-D4FE-91E036CBF921}"
EndProject
Global
	GlobalSection(SolutionConfigurationPlatforms) = preSolution
		Debug|Any CPU = Debug|Any CPU
		Release|Any CPU = Release|Any CPU
	EndGlobalSection
	GlobalSection(ProjectConfigurationPlatforms) = postSolution
		{58C0B04C-F84F-E183-B9BF-08DD07825E85}.Debug|Any CPU.ActiveCfg = Debug|Any CPU
		{58C0B04C-F84F-E183-B9BF-08DD07825E85}.Debug|Any CPU.Build.0 = Debug|Any CPU
		{58C0B04C-F84F-E183-B9BF-08DD07825E85}.Release|Any CPU.ActiveCfg = Release|Any CPU
		{58C0B04C-F84F-E183-B9BF-08DD07825E85}.Release|Any CPU.Build.0 = Release|Any CPU
		{AEA5171A-1AEC-636D-D4FE-91E036CBF921}.Debug|Any CPU.ActiveCfg = Debug|Any CPU
		{AEA5171A-1AEC-636D-D4FE-91E036CBF921}.Debug|Any CPU.Build.0 = Debug|Any CPU
		{AEA5171A-1AEC-636D-D4FE-91E036CBF921}.Release|Any CPU.ActiveCfg = Release|Any CPU
		{AEA5171A-1AEC-636D-D4FE-91E036CBF921}.Release|Any CPU.Build.0 = Release|Any CPU
	EndGlobalSection
	GlobalSection(SolutionProperties) = preSolution
		HideSolutionNode = FALSE
	EndGlobalSection
EndGlobal
